Microsoft Visual Studio Solution File, Format Version 8.00
Project("{FAE04EC0-301F-11D3-BF4B-00C04F79EFBC}") = "zabbixagent", "zabbixagent.csproj", "{56C05D1A-B8EE-45D4-A716-EBB35D8DAB78}"
	ProjectSection(ProjectDependencies) = postProject
	EndProjectSection
EndProject
Project("{FAE04EC0-301F-11D3-BF4B-00C04F79EFBC}") = "ZabbixConf", "..\ZabbixConf\ZabbixConf.csproj", "{87A4B44B-54B5-42E1-B9F3-17C92C5B61A4}"
	ProjectSection(ProjectDependencies) = postProject
	EndProjectSection
EndProject
Global
	GlobalSection(SolutionConfiguration) = preSolution
		ConfigurationEditor = ConfigurationEditor
		Debug = Debug
		Release = Release
	EndGlobalSection
	GlobalSection(ProjectConfiguration) = postSolution
		{56C05D1A-B8EE-45D4-A716-EBB35D8DAB78}.ConfigurationEditor.ActiveCfg = Release|.NET
		{56C05D1A-B8EE-45D4-A716-EBB35D8DAB78}.Debug.ActiveCfg = Debug|.NET
		{56C05D1A-B8EE-45D4-A716-EBB35D8DAB78}.Debug.Build.0 = Debug|.NET
		{56C05D1A-B8EE-45D4-A716-EBB35D8DAB78}.Release.ActiveCfg = Release|.NET
		{56C05D1A-B8EE-45D4-A716-EBB35D8DAB78}.Release.Build.0 = Release|.NET
		{87A4B44B-54B5-42E1-B9F3-17C92C5B61A4}.ConfigurationEditor.ActiveCfg = ConfigurationEditor|.NET
		{87A4B44B-54B5-42E1-B9F3-17C92C5B61A4}.ConfigurationEditor.Build.0 = ConfigurationEditor|.NET
		{87A4B44B-54B5-42E1-B9F3-17C92C5B61A4}.Debug.ActiveCfg = Debug|.NET
		{87A4B44B-54B5-42E1-B9F3-17C92C5B61A4}.Debug.Build.0 = Debug|.NET
		{87A4B44B-54B5-42E1-B9F3-17C92C5B61A4}.Release.ActiveCfg = Release|.NET
		{87A4B44B-54B5-42E1-B9F3-17C92C5B61A4}.Release.Build.0 = Release|.NET
	EndGlobalSection
	GlobalSection(ExtensibilityGlobals) = postSolution
	EndGlobalSection
	GlobalSection(ExtensibilityAddIns) = postSolution
	EndGlobalSection
EndGlobal
