Microsoft Visual Studio Solution File, Format Version 9.00
# Visual Studio 2005
Project("{FAE04EC0-301F-11D3-BF4B-00C04F79EFBC}") = "ZabbixCore", "ZabbixCore.csproj", "{56C05D1A-B8EE-45D4-A716-EBB35D8DAB78}"
	ProjectSection(ProjectDependencies) = postProject
		{0C6A5F4A-683C-4748-9478-5A186786DA86} = {0C6A5F4A-683C-4748-9478-5A186786DA86}
		{BBE5BFA7-7012-4A35-B129-ACB26C39F009} = {BBE5BFA7-7012-4A35-B129-ACB26C39F009}
	EndProjectSection
EndProject
Project("{FAE04EC0-301F-11D3-BF4B-00C04F79EFBC}") = "ZabbixConf", "..\ZabbixConf\ZabbixConf.csproj", "{87A4B44B-54B5-42E1-B9F3-17C92C5B61A4}"
EndProject
Project("{FAE04EC0-301F-11D3-BF4B-00C04F79EFBC}") = "ZabbixCounters", "..\ZabbixCounters\ZabbixCounters.csproj", "{BBE5BFA7-7012-4A35-B129-ACB26C39F009}"
	ProjectSection(ProjectDependencies) = postProject
		{0C6A5F4A-683C-4748-9478-5A186786DA86} = {0C6A5F4A-683C-4748-9478-5A186786DA86}
	EndProjectSection
EndProject
Project("{FAE04EC0-301F-11D3-BF4B-00C04F79EFBC}") = "ZabbixCommon", "..\ZabbixCommon\ZabbixCommon.csproj", "{0C6A5F4A-683C-4748-9478-5A186786DA86}"
EndProject
Project("{FAE04EC0-301F-11D3-BF4B-00C04F79EFBC}") = "Profile", "..\AMS.Profile\Profile.csproj", "{F8DE8838-3350-4F1C-9B43-50DFE42DB6A8}"
EndProject
Project("{FAE04EC0-301F-11D3-BF4B-00C04F79EFBC}") = "ZabbixStart", "..\ZabbixStart\ZabbixStart.csproj", "{9645AECD-B7B8-4CD6-8A72-16CFB220B047}"
	ProjectSection(ProjectDependencies) = postProject
		{56C05D1A-B8EE-45D4-A716-EBB35D8DAB78} = {56C05D1A-B8EE-45D4-A716-EBB35D8DAB78}
		{F8DE8838-3350-4F1C-9B43-50DFE42DB6A8} = {F8DE8838-3350-4F1C-9B43-50DFE42DB6A8}
		{0C6A5F4A-683C-4748-9478-5A186786DA86} = {0C6A5F4A-683C-4748-9478-5A186786DA86}
		{87A4B44B-54B5-42E1-B9F3-17C92C5B61A4} = {87A4B44B-54B5-42E1-B9F3-17C92C5B61A4}
		{BBE5BFA7-7012-4A35-B129-ACB26C39F009} = {BBE5BFA7-7012-4A35-B129-ACB26C39F009}
	EndProjectSection
EndProject
Global
	GlobalSection(SolutionConfigurationPlatforms) = preSolution
		ConfigurationEditor|Any CPU = ConfigurationEditor|Any CPU
		Debug|Any CPU = Debug|Any CPU
		Release|Any CPU = Release|Any CPU
	EndGlobalSection
	GlobalSection(ProjectConfigurationPlatforms) = postSolution
		{56C05D1A-B8EE-45D4-A716-EBB35D8DAB78}.ConfigurationEditor|Any CPU.ActiveCfg = Release|Any CPU
		{56C05D1A-B8EE-45D4-A716-EBB35D8DAB78}.Debug|Any CPU.ActiveCfg = Debug|Any CPU
		{56C05D1A-B8EE-45D4-A716-EBB35D8DAB78}.Debug|Any CPU.Build.0 = Debug|Any CPU
		{56C05D1A-B8EE-45D4-A716-EBB35D8DAB78}.Release|Any CPU.ActiveCfg = Release|Any CPU
		{56C05D1A-B8EE-45D4-A716-EBB35D8DAB78}.Release|Any CPU.Build.0 = Release|Any CPU
		{87A4B44B-54B5-42E1-B9F3-17C92C5B61A4}.ConfigurationEditor|Any CPU.ActiveCfg = ConfigurationEditor|Any CPU
		{87A4B44B-54B5-42E1-B9F3-17C92C5B61A4}.ConfigurationEditor|Any CPU.Build.0 = ConfigurationEditor|Any CPU
		{87A4B44B-54B5-42E1-B9F3-17C92C5B61A4}.Debug|Any CPU.ActiveCfg = Debug|Any CPU
		{87A4B44B-54B5-42E1-B9F3-17C92C5B61A4}.Debug|Any CPU.Build.0 = Debug|Any CPU
		{87A4B44B-54B5-42E1-B9F3-17C92C5B61A4}.Release|Any CPU.ActiveCfg = Release|Any CPU
		{87A4B44B-54B5-42E1-B9F3-17C92C5B61A4}.Release|Any CPU.Build.0 = Release|Any CPU
		{BBE5BFA7-7012-4A35-B129-ACB26C39F009}.ConfigurationEditor|Any CPU.ActiveCfg = Release|Any CPU
		{BBE5BFA7-7012-4A35-B129-ACB26C39F009}.ConfigurationEditor|Any CPU.Build.0 = Release|Any CPU
		{BBE5BFA7-7012-4A35-B129-ACB26C39F009}.Debug|Any CPU.ActiveCfg = Debug|Any CPU
		{BBE5BFA7-7012-4A35-B129-ACB26C39F009}.Debug|Any CPU.Build.0 = Debug|Any CPU
		{BBE5BFA7-7012-4A35-B129-ACB26C39F009}.Release|Any CPU.ActiveCfg = Release|Any CPU
		{BBE5BFA7-7012-4A35-B129-ACB26C39F009}.Release|Any CPU.Build.0 = Release|Any CPU
		{0C6A5F4A-683C-4748-9478-5A186786DA86}.ConfigurationEditor|Any CPU.ActiveCfg = Release|Any CPU
		{0C6A5F4A-683C-4748-9478-5A186786DA86}.ConfigurationEditor|Any CPU.Build.0 = Release|Any CPU
		{0C6A5F4A-683C-4748-9478-5A186786DA86}.Debug|Any CPU.ActiveCfg = Debug|Any CPU
		{0C6A5F4A-683C-4748-9478-5A186786DA86}.Debug|Any CPU.Build.0 = Debug|Any CPU
		{0C6A5F4A-683C-4748-9478-5A186786DA86}.Release|Any CPU.ActiveCfg = Release|Any CPU
		{0C6A5F4A-683C-4748-9478-5A186786DA86}.Release|Any CPU.Build.0 = Release|Any CPU
		{F8DE8838-3350-4F1C-9B43-50DFE42DB6A8}.ConfigurationEditor|Any CPU.ActiveCfg = Release|Any CPU
		{F8DE8838-3350-4F1C-9B43-50DFE42DB6A8}.ConfigurationEditor|Any CPU.Build.0 = Release|Any CPU
		{F8DE8838-3350-4F1C-9B43-50DFE42DB6A8}.Debug|Any CPU.ActiveCfg = Debug|Any CPU
		{F8DE8838-3350-4F1C-9B43-50DFE42DB6A8}.Debug|Any CPU.Build.0 = Debug|Any CPU
		{F8DE8838-3350-4F1C-9B43-50DFE42DB6A8}.Release|Any CPU.ActiveCfg = Release|Any CPU
		{F8DE8838-3350-4F1C-9B43-50DFE42DB6A8}.Release|Any CPU.Build.0 = Release|Any CPU
		{9645AECD-B7B8-4CD6-8A72-16CFB220B047}.ConfigurationEditor|Any CPU.ActiveCfg = Release|Any CPU
		{9645AECD-B7B8-4CD6-8A72-16CFB220B047}.ConfigurationEditor|Any CPU.Build.0 = Release|Any CPU
		{9645AECD-B7B8-4CD6-8A72-16CFB220B047}.Debug|Any CPU.ActiveCfg = Debug|Any CPU
		{9645AECD-B7B8-4CD6-8A72-16CFB220B047}.Debug|Any CPU.Build.0 = Debug|Any CPU
		{9645AECD-B7B8-4CD6-8A72-16CFB220B047}.Release|Any CPU.ActiveCfg = Release|Any CPU
		{9645AECD-B7B8-4CD6-8A72-16CFB220B047}.Release|Any CPU.Build.0 = Release|Any CPU
	EndGlobalSection
	GlobalSection(SolutionProperties) = preSolution
		HideSolutionNode = FALSE
	EndGlobalSection
EndGlobal
